// !$*UTF8*$!
{
	archiveVersion = 1;
	classes = {
	};
	objectVersion = 46;
	objects = {

/* Begin PBXBuildFile section */
		F5807B2A1E6E863200C3E14E /* RHRSAManager.m in Sources */ = {isa = PBXBuildFile; fileRef = F5807B291E6E863200C3E14E /* RHRSAManager.m */; };
		F5DF24EC1E6663300020BBAE /* main.m in Sources */ = {isa = PBXBuildFile; fileRef = F5DF24EB1E6663300020BBAE /* main.m */; };
		F5DF24EF1E6663300020BBAE /* AppDelegate.m in Sources */ = {isa = PBXBuildFile; fileRef = F5DF24EE1E6663300020BBAE /* AppDelegate.m */; };
		F5DF24F21E6663300020BBAE /* ViewController.m in Sources */ = {isa = PBXBuildFile; fileRef = F5DF24F11E6663300020BBAE /* ViewController.m */; };
		F5DF24F51E6663300020BBAE /* Main.storyboard in Resources */ = {isa = PBXBuildFile; fileRef = F5DF24F31E6663300020BBAE /* Main.storyboard */; };
		F5DF24F71E6663300020BBAE /* Assets.xcassets in Resources */ = {isa = PBXBuildFile; fileRef = F5DF24F61E6663300020BBAE /* Assets.xcassets */; };
		F5DF24FA1E6663300020BBAE /* LaunchScreen.storyboard in Resources */ = {isa = PBXBuildFile; fileRef = F5DF24F81E6663300020BBAE /* LaunchScreen.storyboard */; };
		F5DF25021E6663B30020BBAE /* Security.framework in Frameworks */ = {isa = PBXBuildFile; fileRef = F5DF25011E6663B30020BBAE /* Security.framework */; };
		F5ECDDFA1E67E31500792FFA /* libcrypto.a in Frameworks */ = {isa = PBXBuildFile; fileRef = F5ECDDF81E67E31500792FFA /* libcrypto.a */; };
		F5ECDDFB1E67E31500792FFA /* libssl.a in Frameworks */ = {isa = PBXBuildFile; fileRef = F5ECDDF91E67E31500792FFA /* libssl.a */; };
		F5ECDDFE1E67E31F00792FFA /* RHRSAEncryptor.m in Sources */ = {isa = PBXBuildFile; fileRef = F5ECDDFD1E67E31F00792FFA /* RHRSAEncryptor.m */; };
		F5FF5F4D1E694CD8004B864B /* NSData+Base64.m in Sources */ = {isa = PBXBuildFile; fileRef = F5FF5F4C1E694CD8004B864B /* NSData+Base64.m */; };
/* End PBXBuildFile section */

/* Begin PBXFileReference section */
		EA9C4EC21E7E15960091A0FA /* RSATestDemo.entitlements */ = {isa = PBXFileReference; lastKnownFileType = text.plist.entitlements; path = RSATestDemo.entitlements; sourceTree = "<group>"; };
		F5807B281E6E862F00C3E14E /* RHRSAManager.h */ = {isa = PBXFileReference; fileEncoding = 4; lastKnownFileType = sourcecode.c.h; path = RHRSAManager.h; sourceTree = "<group>"; };
		F5807B291E6E863200C3E14E /* RHRSAManager.m */ = {isa = PBXFileReference; fileEncoding = 4; lastKnownFileType = sourcecode.c.objc; path = RHRSAManager.m; sourceTree = "<group>"; };
		F5DF24E71E6663300020BBAE /* RSATestDemo.app */ = {isa = PBXFileReference; explicitFileType = wrapper.application; includeInIndex = 0; path = RSATestDemo.app; sourceTree = BUILT_PRODUCTS_DIR; };
		F5DF24EB1E6663300020BBAE /* main.m */ = {isa = PBXFileReference; lastKnownFileType = sourcecode.c.objc; path = main.m; sourceTree = "<group>"; };
		F5DF24ED1E6663300020BBAE /* AppDelegate.h */ = {isa = PBXFileReference; lastKnownFileType = sourcecode.c.h; path = AppDelegate.h; sourceTree = "<group>"; };
		F5DF24EE1E6663300020BBAE /* AppDelegate.m */ = {isa = PBXFileReference; lastKnownFileType = sourcecode.c.objc; path = AppDelegate.m; sourceTree = "<group>"; };
		F5DF24F01E6663300020BBAE /* ViewController.h */ = {isa = PBXFileReference; lastKnownFileType = sourcecode.c.h; path = ViewController.h; sourceTree = "<group>"; };
		F5DF24F11E6663300020BBAE /* ViewController.m */ = {isa = PBXFileReference; lastKnownFileType = sourcecode.c.objc; path = ViewController.m; sourceTree = "<group>"; };
		F5DF24F41E6663300020BBAE /* Base */ = {isa = PBXFileReference; lastKnownFileType = file.storyboard; name = Base; path = Base.lproj/Main.storyboard; sourceTree = "<group>"; };
		F5DF24F61E6663300020BBAE /* Assets.xcassets */ = {isa = PBXFileReference; lastKnownFileType = folder.assetcatalog; path = Assets.xcassets; sourceTree = "<group>"; };
		F5DF24F91E6663300020BBAE /* Base */ = {isa = PBXFileReference; lastKnownFileType = file.storyboard; name = Base; path = Base.lproj/LaunchScreen.storyboard; sourceTree = "<group>"; };
		F5DF24FB1E6663300020BBAE /* Info.plist */ = {isa = PBXFileReference; lastKnownFileType = text.plist.xml; path = Info.plist; sourceTree = "<group>"; };
		F5DF25011E6663B30020BBAE /* Security.framework */ = {isa = PBXFileReference; lastKnownFileType = wrapper.framework; name = Security.framework; path = System/Library/Frameworks/Security.framework; sourceTree = SDKROOT; };
		F5ECDDAC1E67E31500792FFA /* aes.h */ = {isa = PBXFileReference; fileEncoding = 4; lastKnownFileType = sourcecode.c.h; path = aes.h; sourceTree = "<group>"; };
		F5ECDDAD1E67E31500792FFA /* asn1.h */ = {isa = PBXFileReference; fileEncoding = 4; lastKnownFileType = sourcecode.c.h; path = asn1.h; sourceTree = "<group>"; };
		F5ECDDAE1E67E31500792FFA /* asn1_mac.h */ = {isa = PBXFileReference; fileEncoding = 4; lastKnownFileType = sourcecode.c.h; path = asn1_mac.h; sourceTree = "<group>"; };
		F5ECDDAF1E67E31500792FFA /* asn1t.h */ = {isa = PBXFileReference; fileEncoding = 4; lastKnownFileType = sourcecode.c.h; path = asn1t.h; sourceTree = "<group>"; };
		F5ECDDB01E67E31500792FFA /* bio.h */ = {isa = PBXFileReference; fileEncoding = 4; lastKnownFileType = sourcecode.c.h; path = bio.h; sourceTree = "<group>"; };
		F5ECDDB11E67E31500792FFA /* blowfish.h */ = {isa = PBXFileReference; fileEncoding = 4; lastKnownFileType = sourcecode.c.h; path = blowfish.h; sourceTree = "<group>"; };
		F5ECDDB21E67E31500792FFA /* bn.h */ = {isa = PBXFileReference; fileEncoding = 4; lastKnownFileType = sourcecode.c.h; path = bn.h; sourceTree = "<group>"; };
		F5ECDDB31E67E31500792FFA /* buffer.h */ = {isa = PBXFileReference; fileEncoding = 4; lastKnownFileType = sourcecode.c.h; path = buffer.h; sourceTree = "<group>"; };
		F5ECDDB41E67E31500792FFA /* camellia.h */ = {isa = PBXFileReference; fileEncoding = 4; lastKnownFileType = sourcecode.c.h; path = camellia.h; sourceTree = "<group>"; };
		F5ECDDB51E67E31500792FFA /* cast.h */ = {isa = PBXFileReference; fileEncoding = 4; lastKnownFileType = sourcecode.c.h; path = cast.h; sourceTree = "<group>"; };
		F5ECDDB61E67E31500792FFA /* cmac.h */ = {isa = PBXFileReference; fileEncoding = 4; lastKnownFileType = sourcecode.c.h; path = cmac.h; sourceTree = "<group>"; };
		F5ECDDB71E67E31500792FFA /* cms.h */ = {isa = PBXFileReference; fileEncoding = 4; lastKnownFileType = sourcecode.c.h; path = cms.h; sourceTree = "<group>"; };
		F5ECDDB81E67E31500792FFA /* comp.h */ = {isa = PBXFileReference; fileEncoding = 4; lastKnownFileType = sourcecode.c.h; path = comp.h; sourceTree = "<group>"; };
		F5ECDDB91E67E31500792FFA /* conf.h */ = {isa = PBXFileReference; fileEncoding = 4; lastKnownFileType = sourcecode.c.h; path = conf.h; sourceTree = "<group>"; };
		F5ECDDBA1E67E31500792FFA /* conf_api.h */ = {isa = PBXFileReference; fileEncoding = 4; lastKnownFileType = sourcecode.c.h; path = conf_api.h; sourceTree = "<group>"; };
		F5ECDDBB1E67E31500792FFA /* crypto.h */ = {isa = PBXFileReference; fileEncoding = 4; lastKnownFileType = sourcecode.c.h; path = crypto.h; sourceTree = "<group>"; };
		F5ECDDBC1E67E31500792FFA /* des.h */ = {isa = PBXFileReference; fileEncoding = 4; lastKnownFileType = sourcecode.c.h; path = des.h; sourceTree = "<group>"; };
		F5ECDDBD1E67E31500792FFA /* des_old.h */ = {isa = PBXFileReference; fileEncoding = 4; lastKnownFileType = sourcecode.c.h; path = des_old.h; sourceTree = "<group>"; };
		F5ECDDBE1E67E31500792FFA /* dh.h */ = {isa = PBXFileReference; fileEncoding = 4; lastKnownFileType = sourcecode.c.h; path = dh.h; sourceTree = "<group>"; };
		F5ECDDBF1E67E31500792FFA /* dsa.h */ = {isa = PBXFileReference; fileEncoding = 4; lastKnownFileType = sourcecode.c.h; path = dsa.h; sourceTree = "<group>"; };
		F5ECDDC01E67E31500792FFA /* dso.h */ = {isa = PBXFileReference; fileEncoding = 4; lastKnownFileType = sourcecode.c.h; path = dso.h; sourceTree = "<group>"; };
		F5ECDDC11E67E31500792FFA /* dtls1.h */ = {isa = PBXFileReference; fileEncoding = 4; lastKnownFileType = sourcecode.c.h; path = dtls1.h; sourceTree = "<group>"; };
		F5ECDDC21E67E31500792FFA /* e_os2.h */ = {isa = PBXFileReference; fileEncoding = 4; lastKnownFileType = sourcecode.c.h; path = e_os2.h; sourceTree = "<group>"; };
		F5ECDDC31E67E31500792FFA /* ebcdic.h */ = {isa = PBXFileReference; fileEncoding = 4; lastKnownFileType = sourcecode.c.h; path = ebcdic.h; sourceTree = "<group>"; };
		F5ECDDC41E67E31500792FFA /* ec.h */ = {isa = PBXFileReference; fileEncoding = 4; lastKnownFileType = sourcecode.c.h; path = ec.h; sourceTree = "<group>"; };
		F5ECDDC51E67E31500792FFA /* ecdh.h */ = {isa = PBXFileReference; fileEncoding = 4; lastKnownFileType = sourcecode.c.h; path = ecdh.h; sourceTree = "<group>"; };
		F5ECDDC61E67E31500792FFA /* ecdsa.h */ = {isa = PBXFileReference; fileEncoding = 4; lastKnownFileType = sourcecode.c.h; path = ecdsa.h; sourceTree = "<group>"; };
		F5ECDDC71E67E31500792FFA /* engine.h */ = {isa = PBXFileReference; fileEncoding = 4; lastKnownFileType = sourcecode.c.h; path = engine.h; sourceTree = "<group>"; };
		F5ECDDC81E67E31500792FFA /* err.h */ = {isa = PBXFileReference; fileEncoding = 4; lastKnownFileType = sourcecode.c.h; path = err.h; sourceTree = "<group>"; };
		F5ECDDC91E67E31500792FFA /* evp.h */ = {isa = PBXFileReference; fileEncoding = 4; lastKnownFileType = sourcecode.c.h; path = evp.h; sourceTree = "<group>"; };
		F5ECDDCA1E67E31500792FFA /* hmac.h */ = {isa = PBXFileReference; fileEncoding = 4; lastKnownFileType = sourcecode.c.h; path = hmac.h; sourceTree = "<group>"; };
		F5ECDDCB1E67E31500792FFA /* idea.h */ = {isa = PBXFileReference; fileEncoding = 4; lastKnownFileType = sourcecode.c.h; path = idea.h; sourceTree = "<group>"; };
		F5ECDDCC1E67E31500792FFA /* krb5_asn.h */ = {isa = PBXFileReference; fileEncoding = 4; lastKnownFileType = sourcecode.c.h; path = krb5_asn.h; sourceTree = "<group>"; };
		F5ECDDCD1E67E31500792FFA /* kssl.h */ = {isa = PBXFileReference; fileEncoding = 4; lastKnownFileType = sourcecode.c.h; path = kssl.h; sourceTree = "<group>"; };
		F5ECDDCE1E67E31500792FFA /* lhash.h */ = {isa = PBXFileReference; fileEncoding = 4; lastKnownFileType = sourcecode.c.h; path = lhash.h; sourceTree = "<group>"; };
		F5ECDDCF1E67E31500792FFA /* md4.h */ = {isa = PBXFileReference; fileEncoding = 4; lastKnownFileType = sourcecode.c.h; path = md4.h; sourceTree = "<group>"; };
		F5ECDDD01E67E31500792FFA /* md5.h */ = {isa = PBXFileReference; fileEncoding = 4; lastKnownFileType = sourcecode.c.h; path = md5.h; sourceTree = "<group>"; };
		F5ECDDD11E67E31500792FFA /* mdc2.h */ = {isa = PBXFileReference; fileEncoding = 4; lastKnownFileType = sourcecode.c.h; path = mdc2.h; sourceTree = "<group>"; };
		F5ECDDD21E67E31500792FFA /* modes.h */ = {isa = PBXFileReference; fileEncoding = 4; lastKnownFileType = sourcecode.c.h; path = modes.h; sourceTree = "<group>"; };
		F5ECDDD31E67E31500792FFA /* obj_mac.h */ = {isa = PBXFileReference; fileEncoding = 4; lastKnownFileType = sourcecode.c.h; path = obj_mac.h; sourceTree = "<group>"; };
		F5ECDDD41E67E31500792FFA /* objects.h */ = {isa = PBXFileReference; fileEncoding = 4; lastKnownFileType = sourcecode.c.h; path = objects.h; sourceTree = "<group>"; };
		F5ECDDD51E67E31500792FFA /* ocsp.h */ = {isa = PBXFileReference; fileEncoding = 4; lastKnownFileType = sourcecode.c.h; path = ocsp.h; sourceTree = "<group>"; };
		F5ECDDD61E67E31500792FFA /* opensslconf.h */ = {isa = PBXFileReference; fileEncoding = 4; lastKnownFileType = sourcecode.c.h; path = opensslconf.h; sourceTree = "<group>"; };
		F5ECDDD71E67E31500792FFA /* opensslv.h */ = {isa = PBXFileReference; fileEncoding = 4; lastKnownFileType = sourcecode.c.h; path = opensslv.h; sourceTree = "<group>"; };
		F5ECDDD81E67E31500792FFA /* ossl_typ.h */ = {isa = PBXFileReference; fileEncoding = 4; lastKnownFileType = sourcecode.c.h; path = ossl_typ.h; sourceTree = "<group>"; };
		F5ECDDD91E67E31500792FFA /* pem.h */ = {isa = PBXFileReference; fileEncoding = 4; lastKnownFileType = sourcecode.c.h; path = pem.h; sourceTree = "<group>"; };
		F5ECDDDA1E67E31500792FFA /* pem2.h */ = {isa = PBXFileReference; fileEncoding = 4; lastKnownFileType = sourcecode.c.h; path = pem2.h; sourceTree = "<group>"; };
		F5ECDDDB1E67E31500792FFA /* pkcs12.h */ = {isa = PBXFileReference; fileEncoding = 4; lastKnownFileType = sourcecode.c.h; path = pkcs12.h; sourceTree = "<group>"; };
		F5ECDDDC1E67E31500792FFA /* pkcs7.h */ = {isa = PBXFileReference; fileEncoding = 4; lastKnownFileType = sourcecode.c.h; path = pkcs7.h; sourceTree = "<group>"; };
		F5ECDDDD1E67E31500792FFA /* pqueue.h */ = {isa = PBXFileReference; fileEncoding = 4; lastKnownFileType = sourcecode.c.h; path = pqueue.h; sourceTree = "<group>"; };
		F5ECDDDE1E67E31500792FFA /* rand.h */ = {isa = PBXFileReference; fileEncoding = 4; lastKnownFileType = sourcecode.c.h; path = rand.h; sourceTree = "<group>"; };
		F5ECDDDF1E67E31500792FFA /* rc2.h */ = {isa = PBXFileReference; fileEncoding = 4; lastKnownFileType = sourcecode.c.h; path = rc2.h; sourceTree = "<group>"; };
		F5ECDDE01E67E31500792FFA /* rc4.h */ = {isa = PBXFileReference; fileEncoding = 4; lastKnownFileType = sourcecode.c.h; path = rc4.h; sourceTree = "<group>"; };
		F5ECDDE11E67E31500792FFA /* ripemd.h */ = {isa = PBXFileReference; fileEncoding = 4; lastKnownFileType = sourcecode.c.h; path = ripemd.h; sourceTree = "<group>"; };
		F5ECDDE21E67E31500792FFA /* rsa.h */ = {isa = PBXFileReference; fileEncoding = 4; lastKnownFileType = sourcecode.c.h; path = rsa.h; sourceTree = "<group>"; };
		F5ECDDE31E67E31500792FFA /* safestack.h */ = {isa = PBXFileReference; fileEncoding = 4; lastKnownFileType = sourcecode.c.h; path = safestack.h; sourceTree = "<group>"; };
		F5ECDDE41E67E31500792FFA /* seed.h */ = {isa = PBXFileReference; fileEncoding = 4; lastKnownFileType = sourcecode.c.h; path = seed.h; sourceTree = "<group>"; };
		F5ECDDE51E67E31500792FFA /* sha.h */ = {isa = PBXFileReference; fileEncoding = 4; lastKnownFileType = sourcecode.c.h; path = sha.h; sourceTree = "<group>"; };
		F5ECDDE61E67E31500792FFA /* srp.h */ = {isa = PBXFileReference; fileEncoding = 4; lastKnownFileType = sourcecode.c.h; path = srp.h; sourceTree = "<group>"; };
		F5ECDDE71E67E31500792FFA /* srtp.h */ = {isa = PBXFileReference; fileEncoding = 4; lastKnownFileType = sourcecode.c.h; path = srtp.h; sourceTree = "<group>"; };
		F5ECDDE81E67E31500792FFA /* ssl.h */ = {isa = PBXFileReference; fileEncoding = 4; lastKnownFileType = sourcecode.c.h; path = ssl.h; sourceTree = "<group>"; };
		F5ECDDE91E67E31500792FFA /* ssl2.h */ = {isa = PBXFileReference; fileEncoding = 4; lastKnownFileType = sourcecode.c.h; path = ssl2.h; sourceTree = "<group>"; };
		F5ECDDEA1E67E31500792FFA /* ssl23.h */ = {isa = PBXFileReference; fileEncoding = 4; lastKnownFileType = sourcecode.c.h; path = ssl23.h; sourceTree = "<group>"; };
		F5ECDDEB1E67E31500792FFA /* ssl3.h */ = {isa = PBXFileReference; fileEncoding = 4; lastKnownFileType = sourcecode.c.h; path = ssl3.h; sourceTree = "<group>"; };
		F5ECDDEC1E67E31500792FFA /* stack.h */ = {isa = PBXFileReference; fileEncoding = 4; lastKnownFileType = sourcecode.c.h; path = stack.h; sourceTree = "<group>"; };
		F5ECDDED1E67E31500792FFA /* symhacks.h */ = {isa = PBXFileReference; fileEncoding = 4; lastKnownFileType = sourcecode.c.h; path = symhacks.h; sourceTree = "<group>"; };
		F5ECDDEE1E67E31500792FFA /* tls1.h */ = {isa = PBXFileReference; fileEncoding = 4; lastKnownFileType = sourcecode.c.h; path = tls1.h; sourceTree = "<group>"; };
		F5ECDDEF1E67E31500792FFA /* ts.h */ = {isa = PBXFileReference; fileEncoding = 4; lastKnownFileType = sourcecode.c.h; path = ts.h; sourceTree = "<group>"; };
		F5ECDDF01E67E31500792FFA /* txt_db.h */ = {isa = PBXFileReference; fileEncoding = 4; lastKnownFileType = sourcecode.c.h; path = txt_db.h; sourceTree = "<group>"; };
		F5ECDDF11E67E31500792FFA /* ui.h */ = {isa = PBXFileReference; fileEncoding = 4; lastKnownFileType = sourcecode.c.h; path = ui.h; sourceTree = "<group>"; };
		F5ECDDF21E67E31500792FFA /* ui_compat.h */ = {isa = PBXFileReference; fileEncoding = 4; lastKnownFileType = sourcecode.c.h; path = ui_compat.h; sourceTree = "<group>"; };
		F5ECDDF31E67E31500792FFA /* whrlpool.h */ = {isa = PBXFileReference; fileEncoding = 4; lastKnownFileType = sourcecode.c.h; path = whrlpool.h; sourceTree = "<group>"; };
		F5ECDDF41E67E31500792FFA /* x509.h */ = {isa = PBXFileReference; fileEncoding = 4; lastKnownFileType = sourcecode.c.h; path = x509.h; sourceTree = "<group>"; };
		F5ECDDF51E67E31500792FFA /* x509_vfy.h */ = {isa = PBXFileReference; fileEncoding = 4; lastKnownFileType = sourcecode.c.h; path = x509_vfy.h; sourceTree = "<group>"; };
		F5ECDDF61E67E31500792FFA /* x509v3.h */ = {isa = PBXFileReference; fileEncoding = 4; lastKnownFileType = sourcecode.c.h; path = x509v3.h; sourceTree = "<group>"; };
		F5ECDDF81E67E31500792FFA /* libcrypto.a */ = {isa = PBXFileReference; lastKnownFileType = archive.ar; path = libcrypto.a; sourceTree = "<group>"; };
		F5ECDDF91E67E31500792FFA /* libssl.a */ = {isa = PBXFileReference; lastKnownFileType = archive.ar; path = libssl.a; sourceTree = "<group>"; };
		F5ECDDFC1E67E31F00792FFA /* RHRSAEncryptor.h */ = {isa = PBXFileReference; fileEncoding = 4; lastKnownFileType = sourcecode.c.h; path = RHRSAEncryptor.h; sourceTree = "<group>"; };
		F5ECDDFD1E67E31F00792FFA /* RHRSAEncryptor.m */ = {isa = PBXFileReference; fileEncoding = 4; lastKnownFileType = sourcecode.c.objc; path = RHRSAEncryptor.m; sourceTree = "<group>"; };
		F5FF5F4B1E694CCF004B864B /* NSData+Base64.h */ = {isa = PBXFileReference; fileEncoding = 4; lastKnownFileType = sourcecode.c.h; path = "NSData+Base64.h"; sourceTree = "<group>"; };
		F5FF5F4C1E694CD8004B864B /* NSData+Base64.m */ = {isa = PBXFileReference; fileEncoding = 4; lastKnownFileType = sourcecode.c.objc; path = "NSData+Base64.m"; sourceTree = "<group>"; };
/* End PBXFileReference section */

/* Begin PBXFrameworksBuildPhase section */
		F5DF24E41E6663300020BBAE /* Frameworks */ = {
			isa = PBXFrameworksBuildPhase;
			buildActionMask = 2147483647;
			files = (
				F5ECDDFA1E67E31500792FFA /* libcrypto.a in Frameworks */,
				F5DF25021E6663B30020BBAE /* Security.framework in Frameworks */,
				F5ECDDFB1E67E31500792FFA /* libssl.a in Frameworks */,
			);
			runOnlyForDeploymentPostprocessing = 0;
		};
/* End PBXFrameworksBuildPhase section */

/* Begin PBXGroup section */
		F5DF24DE1E6663300020BBAE = {
			isa = PBXGroup;
			children = (
				F5DF25011E6663B30020BBAE /* Security.framework */,
				F5DF24E91E6663300020BBAE /* RSATestDemo */,
				F5DF24E81E6663300020BBAE /* Products */,
			);
			sourceTree = "<group>";
		};
		F5DF24E81E6663300020BBAE /* Products */ = {
			isa = PBXGroup;
			children = (
				F5DF24E71E6663300020BBAE /* RSATestDemo.app */,
			);
			name = Products;
			sourceTree = "<group>";
		};
		F5DF24E91E6663300020BBAE /* RSATestDemo */ = {
			isa = PBXGroup;
			children = (
				EA9C4EC21E7E15960091A0FA /* RSATestDemo.entitlements */,
				F5DF24ED1E6663300020BBAE /* AppDelegate.h */,
				F5DF24EE1E6663300020BBAE /* AppDelegate.m */,
				F5DF24F01E6663300020BBAE /* ViewController.h */,
				F5DF24F11E6663300020BBAE /* ViewController.m */,
				F5ECDDA81E67E2EF00792FFA /* RHRSATool */,
				F5DF24F31E6663300020BBAE /* Main.storyboard */,
				F5DF24F61E6663300020BBAE /* Assets.xcassets */,
				F5DF24F81E6663300020BBAE /* LaunchScreen.storyboard */,
				F5DF24FB1E6663300020BBAE /* Info.plist */,
				F5DF24EA1E6663300020BBAE /* Supporting Files */,
			);
			path = RSATestDemo;
			sourceTree = "<group>";
		};
		F5DF24EA1E6663300020BBAE /* Supporting Files */ = {
			isa = PBXGroup;
			children = (
				F5DF24EB1E6663300020BBAE /* main.m */,
			);
			name = "Supporting Files";
			sourceTree = "<group>";
		};
		F5ECDDA81E67E2EF00792FFA /* RHRSATool */ = {
			isa = PBXGroup;
			children = (
				F5807B281E6E862F00C3E14E /* RHRSAManager.h */,
				F5807B291E6E863200C3E14E /* RHRSAManager.m */,
				F5ECDDFC1E67E31F00792FFA /* RHRSAEncryptor.h */,
				F5ECDDFD1E67E31F00792FFA /* RHRSAEncryptor.m */,
				F5FF5F4C1E694CD8004B864B /* NSData+Base64.m */,
				F5FF5F4B1E694CCF004B864B /* NSData+Base64.h */,
				F5ECDDA91E67E31500792FFA /* openssl */,
			);
			path = RHRSATool;
			sourceTree = "<group>";
		};
		F5ECDDA91E67E31500792FFA /* openssl */ = {
			isa = PBXGroup;
			children = (
				F5ECDDAA1E67E31500792FFA /* include */,
				F5ECDDF71E67E31500792FFA /* lib */,
			);
			path = openssl;
			sourceTree = "<group>";
		};
		F5ECDDAA1E67E31500792FFA /* include */ = {
			isa = PBXGroup;
			children = (
				F5ECDDAB1E67E31500792FFA /* openssl */,
			);
			path = include;
			sourceTree = "<group>";
		};
		F5ECDDAB1E67E31500792FFA /* openssl */ = {
			isa = PBXGroup;
			children = (
				F5ECDDAC1E67E31500792FFA /* aes.h */,
				F5ECDDAD1E67E31500792FFA /* asn1.h */,
				F5ECDDAE1E67E31500792FFA /* asn1_mac.h */,
				F5ECDDAF1E67E31500792FFA /* asn1t.h */,
				F5ECDDB01E67E31500792FFA /* bio.h */,
				F5ECDDB11E67E31500792FFA /* blowfish.h */,
				F5ECDDB21E67E31500792FFA /* bn.h */,
				F5ECDDB31E67E31500792FFA /* buffer.h */,
				F5ECDDB41E67E31500792FFA /* camellia.h */,
				F5ECDDB51E67E31500792FFA /* cast.h */,
				F5ECDDB61E67E31500792FFA /* cmac.h */,
				F5ECDDB71E67E31500792FFA /* cms.h */,
				F5ECDDB81E67E31500792FFA /* comp.h */,
				F5ECDDB91E67E31500792FFA /* conf.h */,
				F5ECDDBA1E67E31500792FFA /* conf_api.h */,
				F5ECDDBB1E67E31500792FFA /* crypto.h */,
				F5ECDDBC1E67E31500792FFA /* des.h */,
				F5ECDDBD1E67E31500792FFA /* des_old.h */,
				F5ECDDBE1E67E31500792FFA /* dh.h */,
				F5ECDDBF1E67E31500792FFA /* dsa.h */,
				F5ECDDC01E67E31500792FFA /* dso.h */,
				F5ECDDC11E67E31500792FFA /* dtls1.h */,
				F5ECDDC21E67E31500792FFA /* e_os2.h */,
				F5ECDDC31E67E31500792FFA /* ebcdic.h */,
				F5ECDDC41E67E31500792FFA /* ec.h */,
				F5ECDDC51E67E31500792FFA /* ecdh.h */,
				F5ECDDC61E67E31500792FFA /* ecdsa.h */,
				F5ECDDC71E67E31500792FFA /* engine.h */,
				F5ECDDC81E67E31500792FFA /* err.h */,
				F5ECDDC91E67E31500792FFA /* evp.h */,
				F5ECDDCA1E67E31500792FFA /* hmac.h */,
				F5ECDDCB1E67E31500792FFA /* idea.h */,
				F5ECDDCC1E67E31500792FFA /* krb5_asn.h */,
				F5ECDDCD1E67E31500792FFA /* kssl.h */,
				F5ECDDCE1E67E31500792FFA /* lhash.h */,
				F5ECDDCF1E67E31500792FFA /* md4.h */,
				F5ECDDD01E67E31500792FFA /* md5.h */,
				F5ECDDD11E67E31500792FFA /* mdc2.h */,
				F5ECDDD21E67E31500792FFA /* modes.h */,
				F5ECDDD31E67E31500792FFA /* obj_mac.h */,
				F5ECDDD41E67E31500792FFA /* objects.h */,
				F5ECDDD51E67E31500792FFA /* ocsp.h */,
				F5ECDDD61E67E31500792FFA /* opensslconf.h */,
				F5ECDDD71E67E31500792FFA /* opensslv.h */,
				F5ECDDD81E67E31500792FFA /* ossl_typ.h */,
				F5ECDDD91E67E31500792FFA /* pem.h */,
				F5ECDDDA1E67E31500792FFA /* pem2.h */,
				F5ECDDDB1E67E31500792FFA /* pkcs12.h */,
				F5ECDDDC1E67E31500792FFA /* pkcs7.h */,
				F5ECDDDD1E67E31500792FFA /* pqueue.h */,
				F5ECDDDE1E67E31500792FFA /* rand.h */,
				F5ECDDDF1E67E31500792FFA /* rc2.h */,
				F5ECDDE01E67E31500792FFA /* rc4.h */,
				F5ECDDE11E67E31500792FFA /* ripemd.h */,
				F5ECDDE21E67E31500792FFA /* rsa.h */,
				F5ECDDE31E67E31500792FFA /* safestack.h */,
				F5ECDDE41E67E31500792FFA /* seed.h */,
				F5ECDDE51E67E31500792FFA /* sha.h */,
				F5ECDDE61E67E31500792FFA /* srp.h */,
				F5ECDDE71E67E31500792FFA /* srtp.h */,
				F5ECDDE81E67E31500792FFA /* ssl.h */,
				F5ECDDE91E67E31500792FFA /* ssl2.h */,
				F5ECDDEA1E67E31500792FFA /* ssl23.h */,
				F5ECDDEB1E67E31500792FFA /* ssl3.h */,
				F5ECDDEC1E67E31500792FFA /* stack.h */,
				F5ECDDED1E67E31500792FFA /* symhacks.h */,
				F5ECDDEE1E67E31500792FFA /* tls1.h */,
				F5ECDDEF1E67E31500792FFA /* ts.h */,
				F5ECDDF01E67E31500792FFA /* txt_db.h */,
				F5ECDDF11E67E31500792FFA /* ui.h */,
				F5ECDDF21E67E31500792FFA /* ui_compat.h */,
				F5ECDDF31E67E31500792FFA /* whrlpool.h */,
				F5ECDDF41E67E31500792FFA /* x509.h */,
				F5ECDDF51E67E31500792FFA /* x509_vfy.h */,
				F5ECDDF61E67E31500792FFA /* x509v3.h */,
			);
			path = openssl;
			sourceTree = "<group>";
		};
		F5ECDDF71E67E31500792FFA /* lib */ = {
			isa = PBXGroup;
			children = (
				F5ECDDF81E67E31500792FFA /* libcrypto.a */,
				F5ECDDF91E67E31500792FFA /* libssl.a */,
			);
			path = lib;
			sourceTree = "<group>";
		};
/* End PBXGroup section */

/* Begin PBXNativeTarget section */
		F5DF24E61E6663300020BBAE /* RSATestDemo */ = {
			isa = PBXNativeTarget;
			buildConfigurationList = F5DF24FE1E6663300020BBAE /* Build configuration list for PBXNativeTarget "RSATestDemo" */;
			buildPhases = (
				F5DF24E31E6663300020BBAE /* Sources */,
				F5DF24E41E6663300020BBAE /* Frameworks */,
				F5DF24E51E6663300020BBAE /* Resources */,
			);
			buildRules = (
			);
			dependencies = (
			);
			name = RSATestDemo;
			productName = RSATestDemo;
			productReference = F5DF24E71E6663300020BBAE /* RSATestDemo.app */;
			productType = "com.apple.product-type.application";
		};
/* End PBXNativeTarget section */

/* Begin PBXProject section */
		F5DF24DF1E6663300020BBAE /* Project object */ = {
			isa = PBXProject;
			attributes = {
				LastUpgradeCheck = 0730;
				ORGANIZATIONNAME = Yoki;
				TargetAttributes = {
					F5DF24E61E6663300020BBAE = {
						CreatedOnToolsVersion = 7.3;
						DevelopmentTeam = 7Y7KNCKWB4;
						SystemCapabilities = {
							com.apple.Keychain = {
								enabled = 1;
							};
						};
					};
				};
			};
			buildConfigurationList = F5DF24E21E6663300020BBAE /* Build configuration list for PBXProject "RSATestDemo" */;
			compatibilityVersion = "Xcode 3.2";
			developmentRegion = English;
			hasScannedForEncodings = 0;
			knownRegions = (
				en,
				Base,
			);
			mainGroup = F5DF24DE1E6663300020BBAE;
			productRefGroup = F5DF24E81E6663300020BBAE /* Products */;
			projectDirPath = "";
			projectRoot = "";
			targets = (
				F5DF24E61E6663300020BBAE /* RSATestDemo */,
			);
		};
/* End PBXProject section */

/* Begin PBXResourcesBuildPhase section */
		F5DF24E51E6663300020BBAE /* Resources */ = {
			isa = PBXResourcesBuildPhase;
			buildActionMask = 2147483647;
			files = (
				F5DF24FA1E6663300020BBAE /* LaunchScreen.storyboard in Resources */,
				F5DF24F71E6663300020BBAE /* Assets.xcassets in Resources */,
				F5DF24F51E6663300020BBAE /* Main.storyboard in Resources */,
			);
			runOnlyForDeploymentPostprocessing = 0;
		};
/* End PBXResourcesBuildPhase section */

/* Begin PBXSourcesBuildPhase section */
		F5DF24E31E6663300020BBAE /* Sources */ = {
			isa = PBXSourcesBuildPhase;
			buildActionMask = 2147483647;
			files = (
				F5DF24F21E6663300020BBAE /* ViewController.m in Sources */,
				F5807B2A1E6E863200C3E14E /* RHRSAManager.m in Sources */,
				F5DF24EF1E6663300020BBAE /* AppDelegate.m in Sources */,
				F5FF5F4D1E694CD8004B864B /* NSData+Base64.m in Sources */,
				F5ECDDFE1E67E31F00792FFA /* RHRSAEncryptor.m in Sources */,
				F5DF24EC1E6663300020BBAE /* main.m in Sources */,
			);
			runOnlyForDeploymentPostprocessing = 0;
		};
/* End PBXSourcesBuildPhase section */

/* Begin PBXVariantGroup section */
		F5DF24F31E6663300020BBAE /* Main.storyboard */ = {
			isa = PBXVariantGroup;
			children = (
				F5DF24F41E6663300020BBAE /* Base */,
			);
			name = Main.storyboard;
			sourceTree = "<group>";
		};
		F5DF24F81E6663300020BBAE /* LaunchScreen.storyboard */ = {
			isa = PBXVariantGroup;
			children = (
				F5DF24F91E6663300020BBAE /* Base */,
			);
			name = LaunchScreen.storyboard;
			sourceTree = "<group>";
		};
/* End PBXVariantGroup section */

/* Begin XCBuildConfiguration section */
		F5DF24FC1E6663300020BBAE /* Debug */ = {
			isa = XCBuildConfiguration;
			buildSettings = {
				ALWAYS_SEARCH_USER_PATHS = NO;
				CLANG_ANALYZER_NONNULL = YES;
				CLANG_CXX_LANGUAGE_STANDARD = "gnu++0x";
				CLANG_CXX_LIBRARY = "libc++";
				CLANG_ENABLE_MODULES = YES;
				CLANG_ENABLE_OBJC_ARC = YES;
				CLANG_WARN_BOOL_CONVERSION = YES;
				CLANG_WARN_CONSTANT_CONVERSION = YES;
				CLANG_WARN_DIRECT_OBJC_ISA_USAGE = YES_ERROR;
				CLANG_WARN_EMPTY_BODY = YES;
				CLANG_WARN_ENUM_CONVERSION = YES;
				CLANG_WARN_INT_CONVERSION = YES;
				CLANG_WARN_OBJC_ROOT_CLASS = YES_ERROR;
				CLANG_WARN_UNREACHABLE_CODE = YES;
				CLANG_WARN__DUPLICATE_METHOD_MATCH = YES;
				"CODE_SIGN_IDENTITY[sdk=iphoneos*]" = "iPhone Developer";
				COPY_PHASE_STRIP = NO;
				DEBUG_INFORMATION_FORMAT = dwarf;
				ENABLE_STRICT_OBJC_MSGSEND = YES;
				ENABLE_TESTABILITY = YES;
				GCC_C_LANGUAGE_STANDARD = gnu99;
				GCC_DYNAMIC_NO_PIC = NO;
				GCC_NO_COMMON_BLOCKS = YES;
				GCC_OPTIMIZATION_LEVEL = 0;
				GCC_PREPROCESSOR_DEFINITIONS = (
					"DEBUG=1",
					"$(inherited)",
				);
				GCC_WARN_64_TO_32_BIT_CONVERSION = YES;
				GCC_WARN_ABOUT_RETURN_TYPE = YES_ERROR;
				GCC_WARN_UNDECLARED_SELECTOR = YES;
				GCC_WARN_UNINITIALIZED_AUTOS = YES_AGGRESSIVE;
				GCC_WARN_UNUSED_FUNCTION = YES;
				GCC_WARN_UNUSED_VARIABLE = YES;
				IPHONEOS_DEPLOYMENT_TARGET = 9.3;
				MTL_ENABLE_DEBUG_INFO = YES;
				ONLY_ACTIVE_ARCH = YES;
				SDKROOT = iphoneos;
				TARGETED_DEVICE_FAMILY = "1,2";
			};
			name = Debug;
		};
		F5DF24FD1E6663300020BBAE /* Release */ = {
			isa = XCBuildConfiguration;
			buildSettings = {
				ALWAYS_SEARCH_USER_PATHS = NO;
				CLANG_ANALYZER_NONNULL = YES;
				CLANG_CXX_LANGUAGE_STANDARD = "gnu++0x";
				CLANG_CXX_LIBRARY = "libc++";
				CLANG_ENABLE_MODULES = YES;
				CLANG_ENABLE_OBJC_ARC = YES;
				CLANG_WARN_BOOL_CONVERSION = YES;
				CLANG_WARN_CONSTANT_CONVERSION = YES;
				CLANG_WARN_DIRECT_OBJC_ISA_USAGE = YES_ERROR;
				CLANG_WARN_EMPTY_BODY = YES;
				CLANG_WARN_ENUM_CONVERSION = YES;
				CLANG_WARN_INT_CONVERSION = YES;
				CLANG_WARN_OBJC_ROOT_CLASS = YES_ERROR;
				CLANG_WARN_UNREACHABLE_CODE = YES;
				CLANG_WARN__DUPLICATE_METHOD_MATCH = YES;
				"CODE_SIGN_IDENTITY[sdk=iphoneos*]" = "iPhone Developer";
				COPY_PHASE_STRIP = NO;
				DEBUG_INFORMATION_FORMAT = "dwarf-with-dsym";
				ENABLE_NS_ASSERTIONS = NO;
				ENABLE_STRICT_OBJC_MSGSEND = YES;
				GCC_C_LANGUAGE_STANDARD = gnu99;
				GCC_NO_COMMON_BLOCKS = YES;
				GCC_WARN_64_TO_32_BIT_CONVERSION = YES;
				GCC_WARN_ABOUT_RETURN_TYPE = YES_ERROR;
				GCC_WARN_UNDECLARED_SELECTOR = YES;
				GCC_WARN_UNINITIALIZED_AUTOS = YES_AGGRESSIVE;
				GCC_WARN_UNUSED_FUNCTION = YES;
				GCC_WARN_UNUSED_VARIABLE = YES;
				IPHONEOS_DEPLOYMENT_TARGET = 9.3;
				MTL_ENABLE_DEBUG_INFO = NO;
				SDKROOT = iphoneos;
				TARGETED_DEVICE_FAMILY = "1,2";
				VALIDATE_PRODUCT = YES;
			};
			name = Release;
		};
		F5DF24FF1E6663300020BBAE /* Debug */ = {
			isa = XCBuildConfiguration;
			buildSettings = {
				ALWAYS_SEARCH_USER_PATHS = YES;
				ASSETCATALOG_COMPILER_APPICON_NAME = AppIcon;
				CODE_SIGN_ENTITLEMENTS = RSATestDemo/RSATestDemo.entitlements;
				DEVELOPMENT_TEAM = 7Y7KNCKWB4;
				ENABLE_BITCODE = NO;
				HEADER_SEARCH_PATHS = "$(SRCROOT)/RSATestDemo/RHRSATool/openssl/include";
				INFOPLIST_FILE = RSATestDemo/Info.plist;
				LD_RUNPATH_SEARCH_PATHS = "$(inherited) @executable_path/Frameworks";
				LIBRARY_SEARCH_PATHS = (
					"$(inherited)",
					"$(SRCROOT)/RSATestDemo/RHRSATool/openssl/lib",
					"$(PROJECT_DIR)/RSATestDemo/RHRSATool/openssl/lib",
				);
				PRODUCT_BUNDLE_IDENTIFIER = RH.RSATestDemo;
				PRODUCT_NAME = "$(TARGET_NAME)";
			};
			name = Debug;
		};
		F5DF25001E6663300020BBAE /* Release */ = {
			isa = XCBuildConfiguration;
			buildSettings = {
				ALWAYS_SEARCH_USER_PATHS = YES;
				ASSETCATALOG_COMPILER_APPICON_NAME = AppIcon;
				CODE_SIGN_ENTITLEMENTS = RSATestDemo/RSATestDemo.entitlements;
				DEVELOPMENT_TEAM = 7Y7KNCKWB4;
				ENABLE_BITCODE = NO;
				HEADER_SEARCH_PATHS = "$(SRCROOT)/RSATestDemo/RHRSATool/openssl/include";
				INFOPLIST_FILE = RSATestDemo/Info.plist;
				LD_RUNPATH_SEARCH_PATHS = "$(inherited) @executable_path/Frameworks";
				LIBRARY_SEARCH_PATHS = (
					"$(inherited)",
					"$(SRCROOT)/RSATestDemo/RHRSATool/openssl/lib",
					"$(PROJECT_DIR)/RSATestDemo/RHRSATool/openssl/lib",
				);
				PRODUCT_BUNDLE_IDENTIFIER = RH.RSATestDemo;
				PRODUCT_NAME = "$(TARGET_NAME)";
			};
			name = Release;
		};
/* End XCBuildConfiguration section */

/* Begin XCConfigurationList section */
		F5DF24E21E6663300020BBAE /* Build configuration list for PBXProject "RSATestDemo" */ = {
			isa = XCConfigurationList;
			buildConfigurations = (
				F5DF24FC1E6663300020BBAE /* Debug */,
				F5DF24FD1E6663300020BBAE /* Release */,
			);
			defaultConfigurationIsVisible = 0;
			defaultConfigurationName = Release;
		};
		F5DF24FE1E6663300020BBAE /* Build configuration list for PBXNativeTarget "RSATestDemo" */ = {
			isa = XCConfigurationList;
			buildConfigurations = (
				F5DF24FF1E6663300020BBAE /* Debug */,
				F5DF25001E6663300020BBAE /* Release */,
			);
			defaultConfigurationIsVisible = 0;
			defaultConfigurationName = Release;
		};
/* End XCConfigurationList section */
	};
	rootObject = F5DF24DF1E6663300020BBAE /* Project object */;
}
